{
  "name": "Personal-Website",
  "lockfileVersion": 3,
  "requires": true,
  "packages": {
    "": {
      "dependencies": {
        "tegaki": "^0.17.1"
      }
    },
    "node_modules/tegaki": {
      "version": "0.17.1",
      "resolved": "https://registry.npmjs.org/tegaki/-/tegaki-0.17.1.tgz",
      "integrity": "sha512-KhCl5I//xstclHVaBC8+IVjPDWQ7RoDL0gEcVLZz+coH1DCTC5VH0EypN2Cj+GS8JXHRGB51MkJQrfZ1XnAxiw==",
      "license": "MIT",
      "peerDependencies": {
        "@nuxt/kit": "^3.0.0 || ^4.0.0",
        "harfbuzzjs": "^0.10.3",
        "react": ">=18",
        "solid-js": ">=1",
        "svelte": ">=5",
        "vue": ">=3"
      },
      "peerDependenciesMeta": {
        "@nuxt/kit": {
          "optional": true
        },
        "harfbuzzjs": {
          "optional": true
        },
        "react": {
          "optional": true
        },
        "solid-js": {
          "optional": true
        },
        "svelte": {
          "optional": true
        },
        "vue": {
          "optional": true
        }
      }
    }
  }
}
